{
  "nodes": {
    "nixpkgs": {
      "locked": {
        "lastModified": 1735563628,
        "narHash": "sha256-OnSAY7XDSx7CtDoqNh8jwVwh4xNL/2HaJxGjryLWzX8=",
        "owner": "NixOS",
        "repo": "nixpkgs",
        "rev": "b134951a4c9f3c995fd7be05f3243f8ecd65d798",
        "type": "github"
      },
      "original": {
        "owner": "NixOS",
        "ref": "nixos-24.05",
        "repo": "nixpkgs",
        "type": "github"
      }
    },
    "nixpkgs-factorio": {
      "locked": {
        "lastModified": 1729677884,
        "narHash": "sha256-0/2FpT4tLIi7mBe8c0RTgzqlbfEbLkFdULqkwnGtaho=",
        "owner": "NixOS",
        "repo": "nixpkgs",
        "rev": "c9dc635ba271dbda429ed5e3e5612598e2c2f945",
        "type": "github"
      },
      "original": {
        "owner": "NixOS",
        "repo": "nixpkgs",
        "rev": "c9dc635ba271dbda429ed5e3e5612598e2c2f945",
        "type": "github"
      }
    },
    "root": {
      "inputs": {
        "nixpkgs": "nixpkgs",
        "nixpkgs-factorio": "nixpkgs-factorio"
      }
    }
  },
  "root": "root",
  "version": 7
}
